
Microsoft Visual Studio Solution File, Format Version 12.00
# Visual Studio Version 16
VisualStudioVersion = 16.0.30907.101
MinimumVisualStudioVersion = 10.0.40219.1
Project("{FAE04EC0-301F-11D3-BF4B-00C04F79EFBC}") = "Programming", "Programming.csproj", "{A24B1BE9-5A90-4A2B-92F7-E4F57FE3656B}"
EndProject
Global
	GlobalSection(SolutionConfigurationPlatforms) = preSolution
		Debug|Any CPU = Debug|Any CPU
		Release|Any CPU = Release|Any CPU
	EndGlobalSection
	GlobalSection(ProjectConfigurationPlatforms) = postSolution
		{A24B1BE9-5A90-4A2B-92F7-E4F57FE3656B}.Debug|Any CPU.ActiveCfg = Debug|Any CPU
		{A24B1BE9-5A90-4A2B-92F7-E4F57FE3656B}.Debug|Any CPU.Build.0 = Debug|Any CPU
		{A24B1BE9-5A90-4A2B-92F7-E4F57FE3656B}.Release|Any CPU.ActiveCfg = Release|Any CPU
		{A24B1BE9-5A90-4A2B-92F7-E4F57FE3656B}.Release|Any CPU.Build.0 = Release|Any CPU
	EndGlobalSection
	GlobalSection(SolutionProperties) = preSolution
		HideSolutionNode = FALSE
	EndGlobalSection
	GlobalSection(ExtensibilityGlobals) = postSolution
		SolutionGuid = {939CF969-28CA-4085-964A-ADA34B3C1F4C}
	EndGlobalSection
EndGlobal
